// !$*UTF8*$!
{
	archiveVersion = 1;
	classes = {
	};
	objectVersion = 48;
	objects = {

/* Begin PBXBuildFile section */
		2D9B10522008A2AA0016EDB0 /* AppDelegate.swift in Sources */ = {isa = PBXBuildFile; fileRef = 2D9B10512008A2AA0016EDB0 /* AppDelegate.swift */; };
		2D9B10542008A2AA0016EDB0 /* ViewController.swift in Sources */ = {isa = PBXBuildFile; fileRef = 2D9B10532008A2AA0016EDB0 /* ViewController.swift */; };
		2D9B10572008A2AA0016EDB0 /* Main.storyboard in Resources */ = {isa = PBXBuildFile; fileRef = 2D9B10552008A2AA0016EDB0 /* Main.storyboard */; };
		2D9B10592008A2AA0016EDB0 /* Assets.xcassets in Resources */ = {isa = PBXBuildFile; fileRef = 2D9B10582008A2AA0016EDB0 /* Assets.xcassets */; };
		2D9B105C2008A2AA0016EDB0 /* LaunchScreen.storyboard in Resources */ = {isa = PBXBuildFile; fileRef = 2D9B105A2008A2AA0016EDB0 /* LaunchScreen.storyboard */; };
		CBE2B5A6AECF84598E7510CB /* Pods_Rx_Observables_Subjects.framework in Frameworks */ = {isa = PBXBuildFile; fileRef = 43623E2240F2E97B2175AEFE /* Pods_Rx_Observables_Subjects.framework */; };
/* End PBXBuildFile section */

/* Begin PBXFileReference section */
		2D9B104E2008A2AA0016EDB0 /* Rx-Playgrounds.app */ = {isa = PBXFileReference; explicitFileType = wrapper.application; includeInIndex = 0; path = "Rx-Playgrounds.app"; sourceTree = BUILT_PRODUCTS_DIR; };
		2D9B10512008A2AA0016EDB0 /* AppDelegate.swift */ = {isa = PBXFileReference; lastKnownFileType = sourcecode.swift; path = AppDelegate.swift; sourceTree = "<group>"; };
		2D9B10532008A2AA0016EDB0 /* ViewController.swift */ = {isa = PBXFileReference; lastKnownFileType = sourcecode.swift; path = ViewController.swift; sourceTree = "<group>"; };
		2D9B10562008A2AA0016EDB0 /* Base */ = {isa = PBXFileReference; lastKnownFileType = file.storyboard; name = Base; path = Base.lproj/Main.storyboard; sourceTree = "<group>"; };
		2D9B10582008A2AA0016EDB0 /* Assets.xcassets */ = {isa = PBXFileReference; lastKnownFileType = folder.assetcatalog; path = Assets.xcassets; sourceTree = "<group>"; };
		2D9B105B2008A2AA0016EDB0 /* Base */ = {isa = PBXFileReference; lastKnownFileType = file.storyboard; name = Base; path = Base.lproj/LaunchScreen.storyboard; sourceTree = "<group>"; };
		2D9B105D2008A2AA0016EDB0 /* Info.plist */ = {isa = PBXFileReference; lastKnownFileType = text.plist.xml; path = Info.plist; sourceTree = "<group>"; };
		2D9B10632008A44E0016EDB0 /* Observables.playground */ = {isa = PBXFileReference; lastKnownFileType = file.playground; path = Observables.playground; sourceTree = "<group>"; xcLanguageSpecificationIdentifier = xcode.lang.swift; };
		2DA0515D200BBE540050C3A8 /* Subjects.playground */ = {isa = PBXFileReference; lastKnownFileType = file.playground; path = Subjects.playground; sourceTree = "<group>"; xcLanguageSpecificationIdentifier = xcode.lang.swift; };
		2DDA2FB4200BBE2B00BB774A /* TransformingOperators.playground */ = {isa = PBXFileReference; lastKnownFileType = file.playground; path = TransformingOperators.playground; sourceTree = "<group>"; xcLanguageSpecificationIdentifier = xcode.lang.swift; };
		2DDA2FB5200BBE2B00BB774A /* FilterOperators.playground */ = {isa = PBXFileReference; lastKnownFileType = file.playground; path = FilterOperators.playground; sourceTree = "<group>"; xcLanguageSpecificationIdentifier = xcode.lang.swift; };
		43623E2240F2E97B2175AEFE /* Pods_Rx_Observables_Subjects.framework */ = {isa = PBXFileReference; explicitFileType = wrapper.framework; includeInIndex = 0; path = Pods_Rx_Observables_Subjects.framework; sourceTree = BUILT_PRODUCTS_DIR; };
		C7F90953E7F4B797C88AE43F /* Pods-Rx-Observables-Subjects.debug.xcconfig */ = {isa = PBXFileReference; includeInIndex = 1; lastKnownFileType = text.xcconfig; name = "Pods-Rx-Observables-Subjects.debug.xcconfig"; path = "Pods/Target Support Files/Pods-Rx-Observables-Subjects/Pods-Rx-Observables-Subjects.debug.xcconfig"; sourceTree = "<group>"; };
		D617412AAA4D99C34D31BB04 /* Pods-Rx-Observables-Subjects.release.xcconfig */ = {isa = PBXFileReference; includeInIndex = 1; lastKnownFileType = text.xcconfig; name = "Pods-Rx-Observables-Subjects.release.xcconfig"; path = "Pods/Target Support Files/Pods-Rx-Observables-Subjects/Pods-Rx-Observables-Subjects.release.xcconfig"; sourceTree = "<group>"; };
/* End PBXFileReference section */

/* Begin PBXFrameworksBuildPhase section */
		2D9B104B2008A2AA0016EDB0 /* Frameworks */ = {
			isa = PBXFrameworksBuildPhase;
			buildActionMask = 2147483647;
			files = (
				CBE2B5A6AECF84598E7510CB /* Pods_Rx_Observables_Subjects.framework in Frameworks */,
			);
			runOnlyForDeploymentPostprocessing = 0;
		};
/* End PBXFrameworksBuildPhase section */

/* Begin PBXGroup section */
		2D9B10452008A2AA0016EDB0 = {
			isa = PBXGroup;
			children = (
				2DDA2FB5200BBE2B00BB774A /* FilterOperators.playground */,
				2DDA2FB4200BBE2B00BB774A /* TransformingOperators.playground */,
				2DA0515D200BBE540050C3A8 /* Subjects.playground */,
				2D9B10632008A44E0016EDB0 /* Observables.playground */,
				2D9B10502008A2AA0016EDB0 /* Rx-Playgrounds */,
				2D9B104F2008A2AA0016EDB0 /* Products */,
				B5970784F144A47EC58CD093 /* Pods */,
				E8A776C39E32EC002EAAB728 /* Frameworks */,
			);
			sourceTree = "<group>";
		};
		2D9B104F2008A2AA0016EDB0 /* Products */ = {
			isa = PBXGroup;
			children = (
				2D9B104E2008A2AA0016EDB0 /* Rx-Playgrounds.app */,
			);
			name = Products;
			sourceTree = "<group>";
		};
		2D9B10502008A2AA0016EDB0 /* Rx-Playgrounds */ = {
			isa = PBXGroup;
			children = (
				2D9B10512008A2AA0016EDB0 /* AppDelegate.swift */,
				2D9B10532008A2AA0016EDB0 /* ViewController.swift */,
				2D9B10552008A2AA0016EDB0 /* Main.storyboard */,
				2D9B10582008A2AA0016EDB0 /* Assets.xcassets */,
				2D9B105A2008A2AA0016EDB0 /* LaunchScreen.storyboard */,
				2D9B105D2008A2AA0016EDB0 /* Info.plist */,
			);
			path = "Rx-Playgrounds";
			sourceTree = "<group>";
		};
		B5970784F144A47EC58CD093 /* Pods */ = {
			isa = PBXGroup;
			children = (
				C7F90953E7F4B797C88AE43F /* Pods-Rx-Observables-Subjects.debug.xcconfig */,
				D617412AAA4D99C34D31BB04 /* Pods-Rx-Observables-Subjects.release.xcconfig */,
			);
			name = Pods;
			sourceTree = "<group>";
		};
		E8A776C39E32EC002EAAB728 /* Frameworks */ = {
			isa = PBXGroup;
			children = (
				43623E2240F2E97B2175AEFE /* Pods_Rx_Observables_Subjects.framework */,
			);
			name = Frameworks;
			sourceTree = "<group>";
		};
/* End PBXGroup section */

/* Begin PBXNativeTarget section */
		2D9B104D2008A2AA0016EDB0 /* Rx-Playgrounds */ = {
			isa = PBXNativeTarget;
			buildConfigurationList = 2D9B10602008A2AA0016EDB0 /* Build configuration list for PBXNativeTarget "Rx-Playgrounds" */;
			buildPhases = (
				96CC5159A4EE0A2FEDCE5631 /* [CP] Check Pods Manifest.lock */,
				2D9B104A2008A2AA0016EDB0 /* Sources */,
				2D9B104B2008A2AA0016EDB0 /* Frameworks */,
				2D9B104C2008A2AA0016EDB0 /* Resources */,
				0D35EB0CB3CDFA4E72E81923 /* [CP] Embed Pods Frameworks */,
				BAEE83B3C49AFE6F3DE6A977 /* [CP] Copy Pods Resources */,
			);
			buildRules = (
			);
			dependencies = (
			);
			name = "Rx-Playgrounds";
			productName = "Rx-Observables-Subjects";
			productReference = 2D9B104E2008A2AA0016EDB0 /* Rx-Playgrounds.app */;
			productType = "com.apple.product-type.application";
		};
/* End PBXNativeTarget section */

/* Begin PBXProject section */
		2D9B10462008A2AA0016EDB0 /* Project object */ = {
			isa = PBXProject;
			attributes = {
				LastSwiftUpdateCheck = 0920;
				LastUpgradeCheck = 0920;
				ORGANIZATIONNAME = KRiOSApps;
				TargetAttributes = {
					2D9B104D2008A2AA0016EDB0 = {
						CreatedOnToolsVersion = 9.2;
						ProvisioningStyle = Automatic;
					};
				};
			};
			buildConfigurationList = 2D9B10492008A2AA0016EDB0 /* Build configuration list for PBXProject "Rx-Playgrounds" */;
			compatibilityVersion = "Xcode 8.0";
			developmentRegion = en;
			hasScannedForEncodings = 0;
			knownRegions = (
				en,
				Base,
			);
			mainGroup = 2D9B10452008A2AA0016EDB0;
			productRefGroup = 2D9B104F2008A2AA0016EDB0 /* Products */;
			projectDirPath = "";
			projectRoot = "";
			targets = (
				2D9B104D2008A2AA0016EDB0 /* Rx-Playgrounds */,
			);
		};
/* End PBXProject section */

/* Begin PBXResourcesBuildPhase section */
		2D9B104C2008A2AA0016EDB0 /* Resources */ = {
			isa = PBXResourcesBuildPhase;
			buildActionMask = 2147483647;
			files = (
				2D9B105C2008A2AA0016EDB0 /* LaunchScreen.storyboard in Resources */,
				2D9B10592008A2AA0016EDB0 /* Assets.xcassets in Resources */,
				2D9B10572008A2AA0016EDB0 /* Main.storyboard in Resources */,
			);
			runOnlyForDeploymentPostprocessing = 0;
		};
/* End PBXResourcesBuildPhase section */

/* Begin PBXShellScriptBuildPhase section */
		0D35EB0CB3CDFA4E72E81923 /* [CP] Embed Pods Frameworks */ = {
			isa = PBXShellScriptBuildPhase;
			buildActionMask = 2147483647;
			files = (
			);
			inputPaths = (
				"${SRCROOT}/Pods/Target Support Files/Pods-Rx-Observables-Subjects/Pods-Rx-Observables-Subjects-frameworks.sh",
				"${BUILT_PRODUCTS_DIR}/RxCocoa/RxCocoa.framework",
				"${BUILT_PRODUCTS_DIR}/RxSwift/RxSwift.framework",
			);
			name = "[CP] Embed Pods Frameworks";
			outputPaths = (
				"${TARGET_BUILD_DIR}/${FRAMEWORKS_FOLDER_PATH}/RxCocoa.framework",
				"${TARGET_BUILD_DIR}/${FRAMEWORKS_FOLDER_PATH}/RxSwift.framework",
			);
			runOnlyForDeploymentPostprocessing = 0;
			shellPath = /bin/sh;
			shellScript = "\"${SRCROOT}/Pods/Target Support Files/Pods-Rx-Observables-Subjects/Pods-Rx-Observables-Subjects-frameworks.sh\"\n";
			showEnvVarsInLog = 0;
		};
		96CC5159A4EE0A2FEDCE5631 /* [CP] Check Pods Manifest.lock */ = {
			isa = PBXShellScriptBuildPhase;
			buildActionMask = 2147483647;
			files = (
			);
			inputPaths = (
				"${PODS_PODFILE_DIR_PATH}/Podfile.lock",
				"${PODS_ROOT}/Manifest.lock",
			);
			name = "[CP] Check Pods Manifest.lock";
			outputPaths = (
				"$(DERIVED_FILE_DIR)/Pods-Rx-Observables-Subjects-checkManifestLockResult.txt",
			);
			runOnlyForDeploymentPostprocessing = 0;
			shellPath = /bin/sh;
			shellScript = "diff \"${PODS_PODFILE_DIR_PATH}/Podfile.lock\" \"${PODS_ROOT}/Manifest.lock\" > /dev/null\nif [ $? != 0 ] ; then\n    # print error to STDERR\n    echo \"error: The sandbox is not in sync with the Podfile.lock. Run 'pod install' or update your CocoaPods installation.\" >&2\n    exit 1\nfi\n# This output is used by Xcode 'outputs' to avoid re-running this script phase.\necho \"SUCCESS\" > \"${SCRIPT_OUTPUT_FILE_0}\"\n";
			showEnvVarsInLog = 0;
		};
		BAEE83B3C49AFE6F3DE6A977 /* [CP] Copy Pods Resources */ = {
			isa = PBXShellScriptBuildPhase;
			buildActionMask = 2147483647;
			files = (
			);
			inputPaths = (
			);
			name = "[CP] Copy Pods Resources";
			outputPaths = (
			);
			runOnlyForDeploymentPostprocessing = 0;
			shellPath = /bin/sh;
			shellScript = "\"${SRCROOT}/Pods/Target Support Files/Pods-Rx-Observables-Subjects/Pods-Rx-Observables-Subjects-resources.sh\"\n";
			showEnvVarsInLog = 0;
		};
/* End PBXShellScriptBuildPhase section */

/* Begin PBXSourcesBuildPhase section */
		2D9B104A2008A2AA0016EDB0 /* Sources */ = {
			isa = PBXSourcesBuildPhase;
			buildActionMask = 2147483647;
			files = (
				2D9B10542008A2AA0016EDB0 /* ViewController.swift in Sources */,
				2D9B10522008A2AA0016EDB0 /* AppDelegate.swift in Sources */,
			);
			runOnlyForDeploymentPostprocessing = 0;
		};
/* End PBXSourcesBuildPhase section */

/* Begin PBXVariantGroup section */
		2D9B10552008A2AA0016EDB0 /* Main.storyboard */ = {
			isa = PBXVariantGroup;
			children = (
				2D9B10562008A2AA0016EDB0 /* Base */,
			);
			name = Main.storyboard;
			sourceTree = "<group>";
		};
		2D9B105A2008A2AA0016EDB0 /* LaunchScreen.storyboard */ = {
			isa = PBXVariantGroup;
			children = (
				2D9B105B2008A2AA0016EDB0 /* Base */,
			);
			name = LaunchScreen.storyboard;
			sourceTree = "<group>";
		};
/* End PBXVariantGroup section */

/* Begin XCBuildConfiguration section */
		2D9B105E2008A2AA0016EDB0 /* Debug */ = {
			isa = XCBuildConfiguration;
			buildSettings = {
				ALWAYS_SEARCH_USER_PATHS = NO;
				CLANG_ANALYZER_NONNULL = YES;
				CLANG_ANALYZER_NUMBER_OBJECT_CONVERSION = YES_AGGRESSIVE;
				CLANG_CXX_LANGUAGE_STANDARD = "gnu++14";
				CLANG_CXX_LIBRARY = "libc++";
				CLANG_ENABLE_MODULES = YES;
				CLANG_ENABLE_OBJC_ARC = YES;
				CLANG_WARN_BLOCK_CAPTURE_AUTORELEASING = YES;
				CLANG_WARN_BOOL_CONVERSION = YES;
				CLANG_WARN_COMMA = YES;
				CLANG_WARN_CONSTANT_CONVERSION = YES;
				CLANG_WARN_DIRECT_OBJC_ISA_USAGE = YES_ERROR;
				CLANG_WARN_DOCUMENTATION_COMMENTS = YES;
				CLANG_WARN_EMPTY_BODY = YES;
				CLANG_WARN_ENUM_CONVERSION = YES;
				CLANG_WARN_INFINITE_RECURSION = YES;
				CLANG_WARN_INT_CONVERSION = YES;
				CLANG_WARN_NON_LITERAL_NULL_CONVERSION = YES;
				CLANG_WARN_OBJC_LITERAL_CONVERSION = YES;
				CLANG_WARN_OBJC_ROOT_CLASS = YES_ERROR;
				CLANG_WARN_RANGE_LOOP_ANALYSIS = YES;
				CLANG_WARN_STRICT_PROTOTYPES = YES;
				CLANG_WARN_SUSPICIOUS_MOVE = YES;
				CLANG_WARN_UNGUARDED_AVAILABILITY = YES_AGGRESSIVE;
				CLANG_WARN_UNREACHABLE_CODE = YES;
				CLANG_WARN__DUPLICATE_METHOD_MATCH = YES;
				CODE_SIGN_IDENTITY = "iPhone Developer";
				COPY_PHASE_STRIP = NO;
				DEBUG_INFORMATION_FORMAT = dwarf;
				ENABLE_STRICT_OBJC_MSGSEND = YES;
				ENABLE_TESTABILITY = YES;
				GCC_C_LANGUAGE_STANDARD = gnu11;
				GCC_DYNAMIC_NO_PIC = NO;
				GCC_NO_COMMON_BLOCKS = YES;
				GCC_OPTIMIZATION_LEVEL = 0;
				GCC_PREPROCESSOR_DEFINITIONS = (
					"DEBUG=1",
					"$(inherited)",
				);
				GCC_WARN_64_TO_32_BIT_CONVERSION = YES;
				GCC_WARN_ABOUT_RETURN_TYPE = YES_ERROR;
				GCC_WARN_UNDECLARED_SELECTOR = YES;
				GCC_WARN_UNINITIALIZED_AUTOS = YES_AGGRESSIVE;
				GCC_WARN_UNUSED_FUNCTION = YES;
				GCC_WARN_UNUSED_VARIABLE = YES;
				IPHONEOS_DEPLOYMENT_TARGET = 11.2;
				MTL_ENABLE_DEBUG_INFO = YES;
				ONLY_ACTIVE_ARCH = YES;
				SDKROOT = iphoneos;
				SWIFT_ACTIVE_COMPILATION_CONDITIONS = DEBUG;
				SWIFT_OPTIMIZATION_LEVEL = "-Onone";
			};
			name = Debug;
		};
		2D9B105F2008A2AA0016EDB0 /* Release */ = {
			isa = XCBuildConfiguration;
			buildSettings = {
				ALWAYS_SEARCH_USER_PATHS = NO;
				CLANG_ANALYZER_NONNULL = YES;
				CLANG_ANALYZER_NUMBER_OBJECT_CONVERSION = YES_AGGRESSIVE;
				CLANG_CXX_LANGUAGE_STANDARD = "gnu++14";
				CLANG_CXX_LIBRARY = "libc++";
				CLANG_ENABLE_MODULES = YES;
				CLANG_ENABLE_OBJC_ARC = YES;
				CLANG_WARN_BLOCK_CAPTURE_AUTORELEASING = YES;
				CLANG_WARN_BOOL_CONVERSION = YES;
				CLANG_WARN_COMMA = YES;
				CLANG_WARN_CONSTANT_CONVERSION = YES;
				CLANG_WARN_DIRECT_OBJC_ISA_USAGE = YES_ERROR;
				CLANG_WARN_DOCUMENTATION_COMMENTS = YES;
				CLANG_WARN_EMPTY_BODY = YES;
				CLANG_WARN_ENUM_CONVERSION = YES;
				CLANG_WARN_INFINITE_RECURSION = YES;
				CLANG_WARN_INT_CONVERSION = YES;
				CLANG_WARN_NON_LITERAL_NULL_CONVERSION = YES;
				CLANG_WARN_OBJC_LITERAL_CONVERSION = YES;
				CLANG_WARN_OBJC_ROOT_CLASS = YES_ERROR;
				CLANG_WARN_RANGE_LOOP_ANALYSIS = YES;
				CLANG_WARN_STRICT_PROTOTYPES = YES;
				CLANG_WARN_SUSPICIOUS_MOVE = YES;
				CLANG_WARN_UNGUARDED_AVAILABILITY = YES_AGGRESSIVE;
				CLANG_WARN_UNREACHABLE_CODE = YES;
				CLANG_WARN__DUPLICATE_METHOD_MATCH = YES;
				CODE_SIGN_IDENTITY = "iPhone Developer";
				COPY_PHASE_STRIP = NO;
				DEBUG_INFORMATION_FORMAT = "dwarf-with-dsym";
				ENABLE_NS_ASSERTIONS = NO;
				ENABLE_STRICT_OBJC_MSGSEND = YES;
				GCC_C_LANGUAGE_STANDARD = gnu11;
				GCC_NO_COMMON_BLOCKS = YES;
				GCC_WARN_64_TO_32_BIT_CONVERSION = YES;
				GCC_WARN_ABOUT_RETURN_TYPE = YES_ERROR;
				GCC_WARN_UNDECLARED_SELECTOR = YES;
				GCC_WARN_UNINITIALIZED_AUTOS = YES_AGGRESSIVE;
				GCC_WARN_UNUSED_FUNCTION = YES;
				GCC_WARN_UNUSED_VARIABLE = YES;
				IPHONEOS_DEPLOYMENT_TARGET = 11.2;
				MTL_ENABLE_DEBUG_INFO = NO;
				SDKROOT = iphoneos;
				SWIFT_OPTIMIZATION_LEVEL = "-Owholemodule";
				VALIDATE_PRODUCT = YES;
			};
			name = Release;
		};
		2D9B10612008A2AA0016EDB0 /* Debug */ = {
			isa = XCBuildConfiguration;
			baseConfigurationReference = C7F90953E7F4B797C88AE43F /* Pods-Rx-Observables-Subjects.debug.xcconfig */;
			buildSettings = {
				ASSETCATALOG_COMPILER_APPICON_NAME = AppIcon;
				CODE_SIGN_STYLE = Automatic;
				DEVELOPMENT_TEAM = 7TD42S7LLX;
				INFOPLIST_FILE = "$(SRCROOT)/Rx-Playgrounds/Info.plist";
				LD_RUNPATH_SEARCH_PATHS = "$(inherited) @executable_path/Frameworks";
				PRODUCT_BUNDLE_IDENTIFIER = com.kr.rx.playgrounds;
				PRODUCT_NAME = "$(TARGET_NAME)";
				SWIFT_VERSION = 4.0;
				TARGETED_DEVICE_FAMILY = "1,2";
			};
			name = Debug;
		};
		2D9B10622008A2AA0016EDB0 /* Release */ = {
			isa = XCBuildConfiguration;
			baseConfigurationReference = D617412AAA4D99C34D31BB04 /* Pods-Rx-Observables-Subjects.release.xcconfig */;
			buildSettings = {
				ASSETCATALOG_COMPILER_APPICON_NAME = AppIcon;
				CODE_SIGN_STYLE = Automatic;
				DEVELOPMENT_TEAM = 7TD42S7LLX;
				INFOPLIST_FILE = "$(SRCROOT)/Rx-Playgrounds/Info.plist";
				LD_RUNPATH_SEARCH_PATHS = "$(inherited) @executable_path/Frameworks";
				PRODUCT_BUNDLE_IDENTIFIER = com.kr.rx.playgrounds;
				PRODUCT_NAME = "$(TARGET_NAME)";
				SWIFT_VERSION = 4.0;
				TARGETED_DEVICE_FAMILY = "1,2";
			};
			name = Release;
		};
/* End XCBuildConfiguration section */

/* Begin XCConfigurationList section */
		2D9B10492008A2AA0016EDB0 /* Build configuration list for PBXProject "Rx-Playgrounds" */ = {
			isa = XCConfigurationList;
			buildConfigurations = (
				2D9B105E2008A2AA0016EDB0 /* Debug */,
				2D9B105F2008A2AA0016EDB0 /* Release */,
			);
			defaultConfigurationIsVisible = 0;
			defaultConfigurationName = Release;
		};
		2D9B10602008A2AA0016EDB0 /* Build configuration list for PBXNativeTarget "Rx-Playgrounds" */ = {
			isa = XCConfigurationList;
			buildConfigurations = (
				2D9B10612008A2AA0016EDB0 /* Debug */,
				2D9B10622008A2AA0016EDB0 /* Release */,
			);
			defaultConfigurationIsVisible = 0;
			defaultConfigurationName = Release;
		};
/* End XCConfigurationList section */
	};
	rootObject = 2D9B10462008A2AA0016EDB0 /* Project object */;
}
